// !$*UTF8*$!
{
	archiveVersion = 1;
	classes = {
	};
	objectVersion = 77;
	objects = {

/* Begin PBXContainerItemProxy section */
		F3381BCE30529CA300A75EFE /* PBXContainerItemProxy */ = {
			isa = PBXContainerItemProxy;
			containerPortal = F3381BB830529CA200A75EFE /* Project object */;
			proxyType = 1;
			remoteGlobalIDString = F3381BBF30529CA200A75EFE;
			remoteInfo = DuoLikeAnimation;
		};
		F3381BD830529CA300A75EFE /* PBXContainerItemProxy */ = {
			isa = PBXContainerItemProxy;
			containerPortal = F3381BB830529CA200A75EFE /* Project object */;
			proxyType = 1;
			remoteGlobalIDString = F3381BBF30529CA200A75EFE;
			remoteInfo = DuoLikeAnimation;
		};
/* End PBXContainerItemProxy section */

/* Begin PBXFileReference section */
		F3381BC030529CA200A75EFE /* DuoLikeAnimation.app */ = {isa = PBXFileReference; explicitFileType = wrapper.application; includeInIndex = 0; path = DuoLikeAnimation.app; sourceTree = BUILT_PRODUCTS_DIR; };
		F3381BCD30529CA300A75EFE /* DuoLikeAnimationTests.xctest */ = {isa = PBXFileReference; explicitFileType = wrapper.cfbundle; includeInIndex = 0; path = DuoLikeAnimationTests.xctest; sourceTree = BUILT_PRODUCTS_DIR; };
		F3381BD730529CA300A75EFE /* DuoLikeAnimationUITests.xctest */ = {isa = PBXFileReference; explicitFileType = wrapper.cfbundle; includeInIndex = 0; path = DuoLikeAnimationUITests.xctest; sourceTree = BUILT_PRODUCTS_DIR; };
/* End PBXFileReference section */

/* Begin PBXFileSystemSynchronizedRootGroup section */
		F3381BC230529CA200A75EFE /* DuoLikeAnimation */ = {
			isa = PBXFileSystemSynchronizedRootGroup;
			path = DuoLikeAnimation;
			sourceTree = "<group>";
		};
		F3381BD030529CA300A75EFE /* DuoLikeAnimationTests */ = {
			isa = PBXFileSystemSynchronizedRootGroup;
			path = DuoLikeAnimationTests;
			sourceTree = "<group>";
		};
		F3381BDA30529CA300A75EFE /* DuoLikeAnimationUITests */ = {
			isa = PBXFileSystemSynchronizedRootGroup;
			path = DuoLikeAnimationUITests;
			sourceTree = "<group>";
		};
/* End PBXFileSystemSynchronizedRootGroup section */

/* Begin PBXFrameworksBuildPhase section */
		F3381BBD30529CA200A75EFE /* Frameworks */ = {
			isa = PBXFrameworksBuildPhase;
			buildActionMask = 2147483647;
			files = (
			);
			runOnlyForDeploymentPostprocessing = 0;
		};
		F3381BCA30529CA300A75EFE /* Frameworks */ = {
			isa = PBXFrameworksBuildPhase;
			buildActionMask = 2147483647;
			files = (
			);
			runOnlyForDeploymentPostprocessing = 0;
		};
		F3381BD430529CA300A75EFE /* Frameworks */ = {
			isa = PBXFrameworksBuildPhase;
			buildActionMask = 2147483647;
			files = (
			);
			runOnlyForDeploymentPostprocessing = 0;
		};
/* End PBXFrameworksBuildPhase section */

/* Begin PBXGroup section */
		F3381BB730529CA200A75EFE = {
			isa = PBXGroup;
			children = (
				F3381BC230529CA200A75EFE /* DuoLikeAnimation */,
				F3381BD030529CA300A75EFE /* DuoLikeAnimationTests */,
				F3381BDA30529CA300A75EFE /* DuoLikeAnimationUITests */,
				F3381BC130529CA200A75EFE /* Products */,
			);
			sourceTree = "<group>";
		};
		F3381BC130529CA200A75EFE /* Products */ = {
			isa = PBXGroup;
			children = (
				F3381BC030529CA200A75EFE /* DuoLikeAnimation.app */,
				F3381BCD30529CA300A75EFE /* DuoLikeAnimationTests.xctest */,
				F3381BD730529CA300A75EFE /* DuoLikeAnimationUITests.xctest */,
			);
			name = Products;
			sourceTree = "<group>";
		};
/* End PBXGroup section */

/* Begin PBXNativeTarget section */
		F3381BBF30529CA200A75EFE /* DuoLikeAnimation */ = {
			isa = PBXNativeTarget;
			buildConfigurationList = F3381BE130529CA300A75EFE /* Build configuration list for PBXNativeTarget "DuoLikeAnimation" */;
			buildPhases = (
				F3381BBC30529CA200A75EFE /* Sources */,
				F3381BBD30529CA200A75EFE /* Frameworks */,
				F3381BBE30529CA200A75EFE /* Resources */,
			);
			buildRules = (
			);
			dependencies = (
			);
			fileSystemSynchronizedGroups = (
				F3381BC230529CA200A75EFE /* DuoLikeAnimation */,
			);
			name = DuoLikeAnimation;
			packageProductDependencies = (
			);
			productName = DuoLikeAnimation;
			productReference = F3381BC030529CA200A75EFE /* DuoLikeAnimation.app */;
			productType = "com.apple.product-type.application";
		};
		F3381BCC30529CA300A75EFE /* DuoLikeAnimationTests */ = {
			isa = PBXNativeTarget;
			buildConfigurationList = F3381BE430529CA300A75EFE /* Build configuration list for PBXNativeTarget "DuoLikeAnimationTests" */;
			buildPhases = (
				F3381BC930529CA300A75EFE /* Sources */,
				F3381BCA30529CA300A75EFE /* Frameworks */,
				F3381BCB30529CA300A75EFE /* Resources */,
			);
			buildRules = (
			);
			dependencies = (
				F3381BCF30529CA300A75EFE /* PBXTargetDependency */,
			);
			fileSystemSynchronizedGroups = (
				F3381BD030529CA300A75EFE /* DuoLikeAnimationTests */,
			);
			name = DuoLikeAnimationTests;
			packageProductDependencies = (
			);
			productName = DuoLikeAnimationTests;
			productReference = F3381BCD30529CA300A75EFE /* DuoLikeAnimationTests.xctest */;
			productType = "com.apple.product-type.bundle.unit-test";
		};
		F3381BD630529CA300A75EFE /* DuoLikeAnimationUITests */ = {
			isa = PBXNativeTarget;
			buildConfigurationList = F3381BE730529CA300A75EFE /* Build configuration list for PBXNativeTarget "DuoLikeAnimationUITests" */;
			buildPhases = (
				F3381BD330529CA300A75EFE /* Sources */,
				F3381BD430529CA300A75EFE /* Frameworks */,
				F3381BD530529CA300A75EFE /* Resources */,
			);
			buildRules = (
			);
			dependencies = (
				F3381BD930529CA300A75EFE /* PBXTargetDependency */,
			);
			fileSystemSynchronizedGroups = (
				F3381BDA30529CA300A75EFE /* DuoLikeAnimationUITests */,
			);
			name = DuoLikeAnimationUITests;
			packageProductDependencies = (
			);
			productName = DuoLikeAnimationUITests;
			productReference = F3381BD730529CA300A75EFE /* DuoLikeAnimationUITests.xctest */;
			productType = "com.apple.product-type.bundle.ui-testing";
		};
/* End PBXNativeTarget section */

/* Begin PBXProject section */
		F3381BB830529CA200A75EFE /* Project object */ = {
			isa = PBXProject;
			attributes = {
				BuildIndependentTargetsInParallel = 1;
				LastSwiftUpdateCheck = 2660;
				LastUpgradeCheck = 2660;
				TargetAttributes = {
					F3381BBF30529CA200A75EFE = {
						CreatedOnToolsVersion = 26.6;
					};
					F3381BCC30529CA300A75EFE = {
						CreatedOnToolsVersion = 26.6;
						TestTargetID = F3381BBF30529CA200A75EFE;
					};
					F3381BD630529CA300A75EFE = {
						CreatedOnToolsVersion = 26.6;
						TestTargetID = F3381BBF30529CA200A75EFE;
					};
				};
			};
			buildConfigurationList = F3381BBB30529CA200A75EFE /* Build configuration list for PBXProject "DuoLikeAnimation" */;
			developmentRegion = en;
			hasScannedForEncodings = 0;
			knownRegions = (
				en,
				Base,
			);
			mainGroup = F3381BB730529CA200A75EFE;
			minimizedProjectReferenceProxies = 1;
			preferredProjectObjectVersion = 77;
			productRefGroup = F3381BC130529CA200A75EFE /* Products */;
			projectDirPath = "";
			projectRoot = "";
			targets = (
				F3381BBF30529CA200A75EFE /* DuoLikeAnimation */,
				F3381BCC30529CA300A75EFE /* DuoLikeAnimationTests */,
				F3381BD630529CA300A75EFE /* DuoLikeAnimationUITests */,
			);
		};
/* End PBXProject section */

/* Begin PBXResourcesBuildPhase section */
		F3381BBE30529CA200A75EFE /* Resources */ = {
			isa = PBXResourcesBuildPhase;
			buildActionMask = 2147483647;
			files = (
			);
			runOnlyForDeploymentPostprocessing = 0;
		};
		F3381BCB30529CA300A75EFE /* Resources */ = {
			isa = PBXResourcesBuildPhase;
			buildActionMask = 2147483647;
			files = (
			);
			runOnlyForDeploymentPostprocessing = 0;
		};
		F3381BD530529CA300A75EFE /* Resources */ = {
			isa = PBXResourcesBuildPhase;
			buildActionMask = 2147483647;
			files = (
			);
			runOnlyForDeploymentPostprocessing = 0;
		};
/* End PBXResourcesBuildPhase section */

/* Begin PBXSourcesBuildPhase section */
		F3381BBC30529CA200A75EFE /* Sources */ = {
			isa = PBXSourcesBuildPhase;
			buildActionMask = 2147483647;
			files = (
			);
			runOnlyForDeploymentPostprocessing = 0;
		};
		F3381BC930529CA300A75EFE /* Sources */ = {
			isa = PBXSourcesBuildPhase;
			buildActionMask = 2147483647;
			files = (
			);
			runOnlyForDeploymentPostprocessing = 0;
		};
		F3381BD330529CA300A75EFE /* Sources */ = {
			isa = PBXSourcesBuildPhase;
			buildActionMask = 2147483647;
			files = (
			);
			runOnlyForDeploymentPostprocessing = 0;
		};
/* End PBXSourcesBuildPhase section */

/* Begin PBXTargetDependency section */
		F3381BCF30529CA300A75EFE /* PBXTargetDependency */ = {
			isa = PBXTargetDependency;
			target = F3381BBF30529CA200A75EFE /* DuoLikeAnimation */;
			targetProxy = F3381BCE30529CA300A75EFE /* PBXContainerItemProxy */;
		};
		F3381BD930529CA300A75EFE /* PBXTargetDependency */ = {
			isa = PBXTargetDependency;
			target = F3381BBF30529CA200A75EFE /* DuoLikeAnimation */;
			targetProxy = F3381BD830529CA300A75EFE /* PBXContainerItemProxy */;
		};
/* End PBXTargetDependency section */

/* Begin XCBuildConfiguration section */
		F3381BDF30529CA300A75EFE /* Debug */ = {
			isa = XCBuildConfiguration;
			buildSettings = {
				ALWAYS_SEARCH_USER_PATHS = NO;
				ASSETCATALOG_COMPILER_GENERATE_SWIFT_ASSET_SYMBOL_EXTENSIONS = YES;
				CLANG_ANALYZER_NONNULL = YES;
				CLANG_ANALYZER_NUMBER_OBJECT_CONVERSION = YES_AGGRESSIVE;
				CLANG_CXX_LANGUAGE_STANDARD = "gnu++20";
				CLANG_ENABLE_MODULES = YES;
				CLANG_ENABLE_OBJC_ARC = YES;
				CLANG_ENABLE_OBJC_WEAK = YES;
				CLANG_WARN_BLOCK_CAPTURE_AUTORELEASING = YES;
				CLANG_WARN_BOOL_CONVERSION = YES;
				CLANG_WARN_COMMA = YES;
				CLANG_WARN_CONSTANT_CONVERSION = YES;
				CLANG_WARN_DEPRECATED_OBJC_IMPLEMENTATIONS = YES;
				CLANG_WARN_DIRECT_OBJC_ISA_USAGE = YES_ERROR;
				CLANG_WARN_DOCUMENTATION_COMMENTS = YES;
				CLANG_WARN_EMPTY_BODY = YES;
				CLANG_WARN_ENUM_CONVERSION = YES;
				CLANG_WARN_INFINITE_RECURSION = YES;
				CLANG_WARN_INT_CONVERSION = YES;
				CLANG_WARN_NON_LITERAL_NULL_CONVERSION = YES;
				CLANG_WARN_OBJC_IMPLICIT_RETAIN_SELF = YES;
				CLANG_WARN_OBJC_LITERAL_CONVERSION = YES;
				CLANG_WARN_OBJC_ROOT_CLASS = YES_ERROR;
				CLANG_WARN_QUOTED_INCLUDE_IN_FRAMEWORK_HEADER = YES;
				CLANG_WARN_RANGE_LOOP_ANALYSIS = YES;
				CLANG_WARN_STRICT_PROTOTYPES = YES;
				CLANG_WARN_SUSPICIOUS_MOVE = YES;
				CLANG_WARN_UNGUARDED_AVAILABILITY = YES_AGGRESSIVE;
				CLANG_WARN_UNREACHABLE_CODE = YES;
				CLANG_WARN__DUPLICATE_METHOD_MATCH = YES;
				COPY_PHASE_STRIP = NO;
				DEBUG_INFORMATION_FORMAT = dwarf;
				ENABLE_STRICT_OBJC_MSGSEND = YES;
				ENABLE_TESTABILITY = YES;
				ENABLE_USER_SCRIPT_SANDBOXING = YES;
				GCC_C_LANGUAGE_STANDARD = gnu17;
				GCC_DYNAMIC_NO_PIC = NO;
				GCC_NO_COMMON_BLOCKS = YES;
				GCC_OPTIMIZATION_LEVEL = 0;
				GCC_PREPROCESSOR_DEFINITIONS = (
					"DEBUG=1",
					"$(inherited)",
				);
				GCC_WARN_64_TO_32_BIT_CONVERSION = YES;
				GCC_WARN_ABOUT_RETURN_TYPE = YES_ERROR;
				GCC_WARN_UNDECLARED_SELECTOR = YES;
				GCC_WARN_UNINITIALIZED_AUTOS = YES_AGGRESSIVE;
				GCC_WARN_UNUSED_FUNCTION = YES;
				GCC_WARN_UNUSED_VARIABLE = YES;
				IPHONEOS_DEPLOYMENT_TARGET = 26.5;
				LOCALIZATION_PREFERS_STRING_CATALOGS = YES;
				MTL_ENABLE_DEBUG_INFO = INCLUDE_SOURCE;
				MTL_FAST_MATH = YES;
				ONLY_ACTIVE_ARCH = YES;
				SDKROOT = iphoneos;
				SWIFT_ACTIVE_COMPILATION_CONDITIONS = "DEBUG $(inherited)";
				SWIFT_OPTIMIZATION_LEVEL = "-Onone";
			};
			name = Debug;
		};
		F3381BE030529CA300A75EFE /* Release */ = {
			isa = XCBuildConfiguration;
			buildSettings = {
				ALWAYS_SEARCH_USER_PATHS = NO;
				ASSETCATALOG_COMPILER_GENERATE_SWIFT_ASSET_SYMBOL_EXTENSIONS = YES;
				CLANG_ANALYZER_NONNULL = YES;
				CLANG_ANALYZER_NUMBER_OBJECT_CONVERSION = YES_AGGRESSIVE;
				CLANG_CXX_LANGUAGE_STANDARD = "gnu++20";
				CLANG_ENABLE_MODULES = YES;
				CLANG_ENABLE_OBJC_ARC = YES;
				CLANG_ENABLE_OBJC_WEAK = YES;
				CLANG_WARN_BLOCK_CAPTURE_AUTORELEASING = YES;
				CLANG_WARN_BOOL_CONVERSION = YES;
				CLANG_WARN_COMMA = YES;
				CLANG_WARN_CONSTANT_CONVERSION = YES;
				CLANG_WARN_DEPRECATED_OBJC_IMPLEMENTATIONS = YES;
				CLANG_WARN_DIRECT_OBJC_ISA_USAGE = YES_ERROR;
				CLANG_WARN_DOCUMENTATION_COMMENTS = YES;
				CLANG_WARN_EMPTY_BODY = YES;
				CLANG_WARN_ENUM_CONVERSION = YES;
				CLANG_WARN_INFINITE_RECURSION = YES;
				CLANG_WARN_INT_CONVERSION = YES;
				CLANG_WARN_NON_LITERAL_NULL_CONVERSION = YES;
				CLANG_WARN_OBJC_IMPLICIT_RETAIN_SELF = YES;
				CLANG_WARN_OBJC_LITERAL_CONVERSION = YES;
				CLANG_WARN_OBJC_ROOT_CLASS = YES_ERROR;
				CLANG_WARN_QUOTED_INCLUDE_IN_FRAMEWORK_HEADER = YES;
				CLANG_WARN_RANGE_LOOP_ANALYSIS = YES;
				CLANG_WARN_STRICT_PROTOTYPES = YES;
				CLANG_WARN_SUSPICIOUS_MOVE = YES;
				CLANG_WARN_UNGUARDED_AVAILABILITY = YES_AGGRESSIVE;
				CLANG_WARN_UNREACHABLE_CODE = YES;
				CLANG_WARN__DUPLICATE_METHOD_MATCH = YES;
				COPY_PHASE_STRIP = NO;
				DEBUG_INFORMATION_FORMAT = "dwarf-with-dsym";
				ENABLE_NS_ASSERTIONS = NO;
				ENABLE_STRICT_OBJC_MSGSEND = YES;
				ENABLE_USER_SCRIPT_SANDBOXING = YES;
				GCC_C_LANGUAGE_STANDARD = gnu17;
				GCC_NO_COMMON_BLOCKS = YES;
				GCC_WARN_64_TO_32_BIT_CONVERSION = YES;
				GCC_WARN_ABOUT_RETURN_TYPE = YES_ERROR;
				GCC_WARN_UNDECLARED_SELECTOR = YES;
				GCC_WARN_UNINITIALIZED_AUTOS = YES_AGGRESSIVE;
				GCC_WARN_UNUSED_FUNCTION = YES;
				GCC_WARN_UNUSED_VARIABLE = YES;
				IPHONEOS_DEPLOYMENT_TARGET = 26.5;
				LOCALIZATION_PREFERS_STRING_CATALOGS = YES;
				MTL_ENABLE_DEBUG_INFO = NO;
				MTL_FAST_MATH = YES;
				SDKROOT = iphoneos;
				SWIFT_COMPILATION_MODE = wholemodule;
				VALIDATE_PRODUCT = YES;
			};
			name = Release;
		};
		F3381BE230529CA300A75EFE /* Debug */ = {
			isa = XCBuildConfiguration;
			buildSettings = {
				ASSETCATALOG_COMPILER_APPICON_NAME = AppIcon;
				ASSETCATALOG_COMPILER_GLOBAL_ACCENT_COLOR_NAME = AccentColor;
				CODE_SIGN_STYLE = Automatic;
				CURRENT_PROJECT_VERSION = 20260911.3;
				ENABLE_PREVIEWS = YES;
				GENERATE_INFOPLIST_FILE = YES;
				INFOPLIST_KEY_UIApplicationSceneManifest_Generation = YES;
				INFOPLIST_KEY_UIApplicationSupportsIndirectInputEvents = YES;
				INFOPLIST_KEY_UILaunchScreen_Generation = YES;
				INFOPLIST_KEY_CFBundleDisplayName = "折光";
				INFOPLIST_KEY_UIUserInterfaceStyle = Dark;
				INFOPLIST_KEY_NSMotionUsageDescription = "根据手机转动角度呈现折叠玻璃效果。";
				INFOPLIST_KEY_CADisableMinimumFrameDurationOnPhone = YES;
				INFOPLIST_KEY_UISupportedInterfaceOrientations_iPad = "UIInterfaceOrientationPortrait UIInterfaceOrientationPortraitUpsideDown UIInterfaceOrientationLandscapeLeft UIInterfaceOrientationLandscapeRight";
				INFOPLIST_KEY_UISupportedInterfaceOrientations_iPhone = UIInterfaceOrientationPortrait;
				LD_RUNPATH_SEARCH_PATHS = (
					"$(inherited)",
					"@executable_path/Frameworks",
				);
				MARKETING_VERSION = 1.0.3;
				PRODUCT_BUNDLE_IDENTIFIER = com.example.foldlight.ios;
				PRODUCT_NAME = "$(TARGET_NAME)";
				STRING_CATALOG_GENERATE_SYMBOLS = YES;
				SWIFT_APPROACHABLE_CONCURRENCY = YES;
				SWIFT_DEFAULT_ACTOR_ISOLATION = MainActor;
				SWIFT_EMIT_LOC_STRINGS = YES;
				SWIFT_UPCOMING_FEATURE_MEMBER_IMPORT_VISIBILITY = YES;
				SWIFT_VERSION = 5.0;
				TARGETED_DEVICE_FAMILY = 1;
			};
			name = Debug;
		};
		F3381BE330529CA300A75EFE /* Release */ = {
			isa = XCBuildConfiguration;
			buildSettings = {
				ASSETCATALOG_COMPILER_APPICON_NAME = AppIcon;
				ASSETCATALOG_COMPILER_GLOBAL_ACCENT_COLOR_NAME = AccentColor;
				CODE_SIGN_STYLE = Automatic;
				CURRENT_PROJECT_VERSION = 20260911.3;
				ENABLE_PREVIEWS = YES;
				GENERATE_INFOPLIST_FILE = YES;
				INFOPLIST_KEY_UIApplicationSceneManifest_Generation = YES;
				INFOPLIST_KEY_UIApplicationSupportsIndirectInputEvents = YES;
				INFOPLIST_KEY_UILaunchScreen_Generation = YES;
				INFOPLIST_KEY_CFBundleDisplayName = "折光";
				INFOPLIST_KEY_UIUserInterfaceStyle = Dark;
				INFOPLIST_KEY_NSMotionUsageDescription = "根据手机转动角度呈现折叠玻璃效果。";
				INFOPLIST_KEY_CADisableMinimumFrameDurationOnPhone = YES;
				INFOPLIST_KEY_UISupportedInterfaceOrientations_iPad = "UIInterfaceOrientationPortrait UIInterfaceOrientationPortraitUpsideDown UIInterfaceOrientationLandscapeLeft UIInterfaceOrientationLandscapeRight";
				INFOPLIST_KEY_UISupportedInterfaceOrientations_iPhone = UIInterfaceOrientationPortrait;
				LD_RUNPATH_SEARCH_PATHS = (
					"$(inherited)",
					"@executable_path/Frameworks",
				);
				MARKETING_VERSION = 1.0.3;
				PRODUCT_BUNDLE_IDENTIFIER = com.example.foldlight.ios;
				PRODUCT_NAME = "$(TARGET_NAME)";
				STRING_CATALOG_GENERATE_SYMBOLS = YES;
				SWIFT_APPROACHABLE_CONCURRENCY = YES;
				SWIFT_DEFAULT_ACTOR_ISOLATION = MainActor;
				SWIFT_EMIT_LOC_STRINGS = YES;
				SWIFT_UPCOMING_FEATURE_MEMBER_IMPORT_VISIBILITY = YES;
				SWIFT_VERSION = 5.0;
				TARGETED_DEVICE_FAMILY = 1;
			};
			name = Release;
		};
		F3381BE530529CA300A75EFE /* Debug */ = {
			isa = XCBuildConfiguration;
			buildSettings = {
				BUNDLE_LOADER = "$(TEST_HOST)";
				CODE_SIGN_STYLE = Automatic;
				CURRENT_PROJECT_VERSION = 20260911.3;
				GENERATE_INFOPLIST_FILE = YES;
				IPHONEOS_DEPLOYMENT_TARGET = 26.5;
				MARKETING_VERSION = 1.0.3;
				PRODUCT_BUNDLE_IDENTIFIER = com.example.foldlight.iosTests;
				PRODUCT_NAME = "$(TARGET_NAME)";
				STRING_CATALOG_GENERATE_SYMBOLS = NO;
				SWIFT_APPROACHABLE_CONCURRENCY = YES;
				SWIFT_EMIT_LOC_STRINGS = NO;
				SWIFT_UPCOMING_FEATURE_MEMBER_IMPORT_VISIBILITY = YES;
				SWIFT_VERSION = 5.0;
				TARGETED_DEVICE_FAMILY = 1;
				TEST_HOST = "$(BUILT_PRODUCTS_DIR)/DuoLikeAnimation.app/$(BUNDLE_EXECUTABLE_FOLDER_PATH)/DuoLikeAnimation";
			};
			name = Debug;
		};
		F3381BE630529CA300A75EFE /* Release */ = {
			isa = XCBuildConfiguration;
			buildSettings = {
				BUNDLE_LOADER = "$(TEST_HOST)";
				CODE_SIGN_STYLE = Automatic;
				CURRENT_PROJECT_VERSION = 20260911.3;
				GENERATE_INFOPLIST_FILE = YES;
				IPHONEOS_DEPLOYMENT_TARGET = 26.5;
				MARKETING_VERSION = 1.0.3;
				PRODUCT_BUNDLE_IDENTIFIER = com.example.foldlight.iosTests;
				PRODUCT_NAME = "$(TARGET_NAME)";
				STRING_CATALOG_GENERATE_SYMBOLS = NO;
				SWIFT_APPROACHABLE_CONCURRENCY = YES;
				SWIFT_EMIT_LOC_STRINGS = NO;
				SWIFT_UPCOMING_FEATURE_MEMBER_IMPORT_VISIBILITY = YES;
				SWIFT_VERSION = 5.0;
				TARGETED_DEVICE_FAMILY = 1;
				TEST_HOST = "$(BUILT_PRODUCTS_DIR)/DuoLikeAnimation.app/$(BUNDLE_EXECUTABLE_FOLDER_PATH)/DuoLikeAnimation";
			};
			name = Release;
		};
		F3381BE830529CA300A75EFE /* Debug */ = {
			isa = XCBuildConfiguration;
			buildSettings = {
				CODE_SIGN_STYLE = Automatic;
				CURRENT_PROJECT_VERSION = 20260911.3;
				GENERATE_INFOPLIST_FILE = YES;
				MARKETING_VERSION = 1.0.3;
				PRODUCT_BUNDLE_IDENTIFIER = com.example.foldlight.iosUITests;
				PRODUCT_NAME = "$(TARGET_NAME)";
				STRING_CATALOG_GENERATE_SYMBOLS = NO;
				SWIFT_APPROACHABLE_CONCURRENCY = YES;
				SWIFT_EMIT_LOC_STRINGS = NO;
				SWIFT_UPCOMING_FEATURE_MEMBER_IMPORT_VISIBILITY = YES;
				SWIFT_VERSION = 5.0;
				TARGETED_DEVICE_FAMILY = 1;
				TEST_TARGET_NAME = DuoLikeAnimation;
			};
			name = Debug;
		};
		F3381BE930529CA300A75EFE /* Release */ = {
			isa = XCBuildConfiguration;
			buildSettings = {
				CODE_SIGN_STYLE = Automatic;
				CURRENT_PROJECT_VERSION = 20260911.3;
				GENERATE_INFOPLIST_FILE = YES;
				MARKETING_VERSION = 1.0.3;
				PRODUCT_BUNDLE_IDENTIFIER = com.example.foldlight.iosUITests;
				PRODUCT_NAME = "$(TARGET_NAME)";
				STRING_CATALOG_GENERATE_SYMBOLS = NO;
				SWIFT_APPROACHABLE_CONCURRENCY = YES;
				SWIFT_EMIT_LOC_STRINGS = NO;
				SWIFT_UPCOMING_FEATURE_MEMBER_IMPORT_VISIBILITY = YES;
				SWIFT_VERSION = 5.0;
				TARGETED_DEVICE_FAMILY = 1;
				TEST_TARGET_NAME = DuoLikeAnimation;
			};
			name = Release;
		};
/* End XCBuildConfiguration section */

/* Begin XCConfigurationList section */
		F3381BBB30529CA200A75EFE /* Build configuration list for PBXProject "DuoLikeAnimation" */ = {
			isa = XCConfigurationList;
			buildConfigurations = (
				F3381BDF30529CA300A75EFE /* Debug */,
				F3381BE030529CA300A75EFE /* Release */,
			);
			defaultConfigurationIsVisible = 0;
			defaultConfigurationName = Release;
		};
		F3381BE130529CA300A75EFE /* Build configuration list for PBXNativeTarget "DuoLikeAnimation" */ = {
			isa = XCConfigurationList;
			buildConfigurations = (
				F3381BE230529CA300A75EFE /* Debug */,
				F3381BE330529CA300A75EFE /* Release */,
			);
			defaultConfigurationIsVisible = 0;
			defaultConfigurationName = Release;
		};
		F3381BE430529CA300A75EFE /* Build configuration list for PBXNativeTarget "DuoLikeAnimationTests" */ = {
			isa = XCConfigurationList;
			buildConfigurations = (
				F3381BE530529CA300A75EFE /* Debug */,
				F3381BE630529CA300A75EFE /* Release */,
			);
			defaultConfigurationIsVisible = 0;
			defaultConfigurationName = Release;
		};
		F3381BE730529CA300A75EFE /* Build configuration list for PBXNativeTarget "DuoLikeAnimationUITests" */ = {
			isa = XCConfigurationList;
			buildConfigurations = (
				F3381BE830529CA300A75EFE /* Debug */,
				F3381BE930529CA300A75EFE /* Release */,
			);
			defaultConfigurationIsVisible = 0;
			defaultConfigurationName = Release;
		};
/* End XCConfigurationList section */
	};
	rootObject = F3381BB830529CA200A75EFE /* Project object */;
}
